PODS:
  - Nimble (7.0.3)
  - Quick (1.2.0)

DEPENDENCIES:
  - Nimble
  - Quick

SPEC REPOS:
  https://github.com/CocoaPods/Specs.git:
    - Nimble
    - Quick

SPEC CHECKSUMS:
  Nimble: 7f5a9c447a33002645a071bddafbfb24ea70e0ac
  Quick: 58d203b1c5e27fff7229c4c1ae445ad7069a7a08

PODFILE CHECKSUM: f42abda016f13c2ef39971474baa09443d45da07

COCOAPODS: 1.5.0
