<?xml version="1.0" encoding="utf-8"?>
<Project ToolsVersion="15.0" xmlns="http://schemas.microsoft.com/developer/msbuild/2003">
  <ItemGroup>
    <Filter Include="Resources">
      <UniqueIdentifier>accd3aa8-1ba0-4223-9bbe-0c431709210b</UniqueIdentifier>
      <Extensions>rc;ico;cur;bmp;dlg;rc2;rct;bin;rgs;gif;jpg;jpeg;jpe;resx;tga;tiff;tif;png;wav;mfcribbon-ms</Extensions>
    </Filter>
    <Filter Include="Generated Files">
      <UniqueIdentifier>{926ab91d-31b5-48c3-b9a4-e681349f27f0}</UniqueIdentifier>
    </Filter>
    <Filter Include="Players">
      <UniqueIdentifier>{d51dfb5b-bfa2-41a1-adbb-d5d235de7e77}</UniqueIdentifier>
    </Filter>
    <Filter Include="Logic">
      <UniqueIdentifier>{43563508-03f6-4bf2-91e1-5f453ab4f8e6}</UniqueIdentifier>
    </Filter>
  </ItemGroup>
  <ItemGroup>
    <ClCompile Include="pch.cpp" />
    <ClCompile Include="$(GeneratedFilesDir)module.g.cpp" />
    <ClCompile Include="ReactPackageProvider.cpp" />
    <ClCompile Include="RNTrackPlayer.cpp" />
    <ClCompile Include="Players\Playback.cpp">
      <Filter>Players</Filter>
    </ClCompile>
    <ClCompile Include="Players\LocalPlayback.cpp">
      <Filter>Players</Filter>
    </ClCompile>
    <ClCompile Include="Logic\MediaManager.cpp">
      <Filter>Logic</Filter>
    </ClCompile>
    <ClCompile Include="Players\CastPlayback.cpp">
      <Filter>Players</Filter>
    </ClCompile>
    <ClCompile Include="Logic\Track.cpp">
      <Filter>Logic</Filter>
    </ClCompile>
    <ClCompile Include="Logic\Metadata.cpp">
      <Filter>Logic</Filter>
    </ClCompile>
    <ClCompile Include="Logic\Utils.cpp">
      <Filter>Logic</Filter>
    </ClCompile>
    <ClCompile Include="Logic\Events.cpp">
      <Filter>Logic</Filter>
    </ClCompile>
  </ItemGroup>
  <ItemGroup>
    <ClInclude Include="pch.h" />
    <ClInclude Include="ReactPackageProvider.h" />
    <ClInclude Include="RNTrackPlayer.h" />
    <ClInclude Include="Players\Playback.h">
      <Filter>Players</Filter>
    </ClInclude>
    <ClInclude Include="Logic\Metadata.h">
      <Filter>Logic</Filter>
    </ClInclude>
    <ClInclude Include="Logic\MediaManager.h">
      <Filter>Logic</Filter>
    </ClInclude>
    <ClInclude Include="Players\CastPlayback.h">
      <Filter>Players</Filter>
    </ClInclude>
    <ClInclude Include="Players\LocalPlayback.h">
      <Filter>Players</Filter>
    </ClInclude>
    <ClInclude Include="Logic\Track.h">
      <Filter>Logic</Filter>
    </ClInclude>
    <ClInclude Include="Logic\Utils.h">
      <Filter>Logic</Filter>
    </ClInclude>
    <ClInclude Include="Logic\Events.h">
      <Filter>Logic</Filter>
    </ClInclude>
  </ItemGroup>
  <ItemGroup>
    <None Include="RNTrackPlayer.def" />
    <None Include="packages.config" />
  </ItemGroup>
  <ItemGroup>
    <None Include="PropertySheet.props" />
  </ItemGroup>
  <ItemGroup>
    <Midl Include="ReactPackageProvider.idl" />
  </ItemGroup>
</Project>